
Microsoft Visual Studio Solution File, Format Version 12.00
# Visual Studio Version 17
VisualStudioVersion = 17.9.34622.214
MinimumVisualStudioVersion = 10.0.40219.1
Project("{9A19103F-16F7-4668-BE54-9A1E7A4F7556}") = "StockWise", "StockWise.csproj", "{11B0725F-C648-4296-A203-D83ABA826E9E}"
EndProject
Project("{FAE04EC0-301F-11D3-BF4B-00C04F79EFBC}") = "StockWise.Tests", "..\StockWise.Tests\StockWise.Tests.csproj", "{E3251E5C-281F-40D9-9398-89E9002434CB}"
EndProject
Global
	GlobalSection(SolutionConfigurationPlatforms) = preSolution
		Debug|Any CPU = Debug|Any CPU
		Release|Any CPU = Release|Any CPU
	EndGlobalSection
	GlobalSection(ProjectConfigurationPlatforms) = postSolution
		{11B0725F-C648-4296-A203-D83ABA826E9E}.Debug|Any CPU.ActiveCfg = Debug|Any CPU
		{11B0725F-C648-4296-A203-D83ABA826E9E}.Debug|Any CPU.Build.0 = Debug|Any CPU
		{11B0725F-C648-4296-A203-D83ABA826E9E}.Release|Any CPU.ActiveCfg = Release|Any CPU
		{11B0725F-C648-4296-A203-D83ABA826E9E}.Release|Any CPU.Build.0 = Release|Any CPU
		{E3251E5C-281F-40D9-9398-89E9002434CB}.Debug|Any CPU.ActiveCfg = Debug|Any CPU
		{E3251E5C-281F-40D9-9398-89E9002434CB}.Debug|Any CPU.Build.0 = Debug|Any CPU
		{E3251E5C-281F-40D9-9398-89E9002434CB}.Release|Any CPU.ActiveCfg = Release|Any CPU
		{E3251E5C-281F-40D9-9398-89E9002434CB}.Release|Any CPU.Build.0 = Release|Any CPU
	EndGlobalSection
	GlobalSection(SolutionProperties) = preSolution
		HideSolutionNode = FALSE
	EndGlobalSection
	GlobalSection(ExtensibilityGlobals) = postSolution
		SolutionGuid = {B04CBFD7-7C09-4C41-AA2A-2B2695B6C633}
	EndGlobalSection
EndGlobal
